
Microsoft Visual Studio Solution File, Format Version 12.00
# Visual Studio Version 16
VisualStudioVersion = 16.0.30225.117
MinimumVisualStudioVersion = 10.0.40219.1
Project("{FAE04EC0-301F-11D3-BF4B-00C04F79EFBC}") = "ReconocimientoFacial", "ReconocimientoFacial\ReconocimientoFacial.csproj", "{8520E685-9331-404B-BF68-39A9EAD3A307}"
EndProject
Global
	GlobalSection(SolutionConfigurationPlatforms) = preSolution
		Debug|Any CPU = Debug|Any CPU
		Release|Any CPU = Release|Any CPU
	EndGlobalSection
	GlobalSection(ProjectConfigurationPlatforms) = postSolution
		{8520E685-9331-404B-BF68-39A9EAD3A307}.Debug|Any CPU.ActiveCfg = Debug|Any CPU
		{8520E685-9331-404B-BF68-39A9EAD3A307}.Debug|Any CPU.Build.0 = Debug|Any CPU
		{8520E685-9331-404B-BF68-39A9EAD3A307}.Release|Any CPU.ActiveCfg = Release|Any CPU
		{8520E685-9331-404B-BF68-39A9EAD3A307}.Release|Any CPU.Build.0 = Release|Any CPU
	EndGlobalSection
	GlobalSection(SolutionProperties) = preSolution
		HideSolutionNode = FALSE
	EndGlobalSection
	GlobalSection(ExtensibilityGlobals) = postSolution
		SolutionGuid = {934D10E4-5CBD-4E50-A000-2E075D2A5B56}
	EndGlobalSection
EndGlobal
